// !$*UTF8*$!
{
	archiveVersion = 1;
	classes = {
	};
	objectVersion = 46;
	objects = {

/* Begin PBXBuildFile section */
		ABA962A321DA892B4B146DBC /* CoreDataManager.m in Sources */ = {isa = PBXBuildFile; fileRef = ABA967E42E96178BD64E5402 /* CoreDataManager.m */; };
		ABA96361C0820958FBD75200 /* FolderViewController.m in Sources */ = {isa = PBXBuildFile; fileRef = ABA96714E95437D3806E7B17 /* FolderViewController.m */; };
		ABA96B807A840D810AA349C8 /* NoteViewController.m in Sources */ = {isa = PBXBuildFile; fileRef = ABA965F6A0AA0243738D8F0D /* NoteViewController.m */; };
		C99FFCB01C4E3F1800C4F8A6 /* main.m in Sources */ = {isa = PBXBuildFile; fileRef = C99FFCAF1C4E3F1800C4F8A6 /* main.m */; };
		C99FFCB31C4E3F1800C4F8A6 /* AppDelegate.m in Sources */ = {isa = PBXBuildFile; fileRef = C99FFCB21C4E3F1800C4F8A6 /* AppDelegate.m */; };
		C99FFCB91C4E3F1800C4F8A6 /* Main.storyboard in Resources */ = {isa = PBXBuildFile; fileRef = C99FFCB71C4E3F1800C4F8A6 /* Main.storyboard */; };
		C99FFCBC1C4E3F1800C4F8A6 /* CoreDataSample.xcdatamodeld in Sources */ = {isa = PBXBuildFile; fileRef = C99FFCBA1C4E3F1800C4F8A6 /* CoreDataSample.xcdatamodeld */; };
		C99FFCBE1C4E3F1800C4F8A6 /* Assets.xcassets in Resources */ = {isa = PBXBuildFile; fileRef = C99FFCBD1C4E3F1800C4F8A6 /* Assets.xcassets */; };
		C99FFCC11C4E3F1800C4F8A6 /* LaunchScreen.storyboard in Resources */ = {isa = PBXBuildFile; fileRef = C99FFCBF1C4E3F1800C4F8A6 /* LaunchScreen.storyboard */; };
		C99FFD381C4E6D8600C4F8A6 /* Note+CoreDataProperties.m in Sources */ = {isa = PBXBuildFile; fileRef = C99FFD311C4E6D8600C4F8A6 /* Note+CoreDataProperties.m */; };
		C99FFD391C4E6D8600C4F8A6 /* Note.m in Sources */ = {isa = PBXBuildFile; fileRef = C99FFD331C4E6D8600C4F8A6 /* Note.m */; };
		C99FFD3A1C4E6D8600C4F8A6 /* Folder+CoreDataProperties.m in Sources */ = {isa = PBXBuildFile; fileRef = C99FFD351C4E6D8600C4F8A6 /* Folder+CoreDataProperties.m */; };
		C99FFD3B1C4E6D8600C4F8A6 /* Folder.m in Sources */ = {isa = PBXBuildFile; fileRef = C99FFD371C4E6D8600C4F8A6 /* Folder.m */; };
/* End PBXBuildFile section */

/* Begin PBXFileReference section */
		ABA965F6A0AA0243738D8F0D /* NoteViewController.m */ = {isa = PBXFileReference; fileEncoding = 4; lastKnownFileType = sourcecode.c.objc; path = NoteViewController.m; sourceTree = "<group>"; };
		ABA96714E95437D3806E7B17 /* FolderViewController.m */ = {isa = PBXFileReference; fileEncoding = 4; lastKnownFileType = sourcecode.c.objc; path = FolderViewController.m; sourceTree = "<group>"; };
		ABA967E42E96178BD64E5402 /* CoreDataManager.m */ = {isa = PBXFileReference; fileEncoding = 4; lastKnownFileType = sourcecode.c.objc; name = CoreDataManager.m; path = CoreDataSample/Manager/CoreDataManager.m; sourceTree = SOURCE_ROOT; };
		ABA96934F7E3B536E458D9E8 /* FolderViewController.h */ = {isa = PBXFileReference; fileEncoding = 4; lastKnownFileType = sourcecode.c.h; path = FolderViewController.h; sourceTree = "<group>"; };
		ABA96C4FB82524114201F17A /* CoreDataManager.h */ = {isa = PBXFileReference; fileEncoding = 4; lastKnownFileType = sourcecode.c.h; name = CoreDataManager.h; path = CoreDataSample/Manager/CoreDataManager.h; sourceTree = SOURCE_ROOT; };
		ABA96F10017A82D7618099D0 /* NoteViewController.h */ = {isa = PBXFileReference; fileEncoding = 4; lastKnownFileType = sourcecode.c.h; path = NoteViewController.h; sourceTree = "<group>"; };
		C99FFCAB1C4E3F1800C4F8A6 /* CoreDataSample.app */ = {isa = PBXFileReference; explicitFileType = wrapper.application; includeInIndex = 0; path = CoreDataSample.app; sourceTree = BUILT_PRODUCTS_DIR; };
		C99FFCAF1C4E3F1800C4F8A6 /* main.m */ = {isa = PBXFileReference; lastKnownFileType = sourcecode.c.objc; path = main.m; sourceTree = "<group>"; };
		C99FFCB11C4E3F1800C4F8A6 /* AppDelegate.h */ = {isa = PBXFileReference; lastKnownFileType = sourcecode.c.h; path = AppDelegate.h; sourceTree = "<group>"; };
		C99FFCB21C4E3F1800C4F8A6 /* AppDelegate.m */ = {isa = PBXFileReference; lastKnownFileType = sourcecode.c.objc; path = AppDelegate.m; sourceTree = "<group>"; };
		C99FFCB81C4E3F1800C4F8A6 /* Base */ = {isa = PBXFileReference; lastKnownFileType = file.storyboard; name = Base; path = Base.lproj/Main.storyboard; sourceTree = "<group>"; };
		C99FFCBB1C4E3F1800C4F8A6 /* CoreDataSample.xcdatamodel */ = {isa = PBXFileReference; lastKnownFileType = wrapper.xcdatamodel; path = CoreDataSample.xcdatamodel; sourceTree = "<group>"; };
		C99FFCBD1C4E3F1800C4F8A6 /* Assets.xcassets */ = {isa = PBXFileReference; lastKnownFileType = folder.assetcatalog; path = Assets.xcassets; sourceTree = "<group>"; };
		C99FFCC01C4E3F1800C4F8A6 /* Base */ = {isa = PBXFileReference; lastKnownFileType = file.storyboard; name = Base; path = Base.lproj/LaunchScreen.storyboard; sourceTree = "<group>"; };
		C99FFCC21C4E3F1800C4F8A6 /* Info.plist */ = {isa = PBXFileReference; lastKnownFileType = text.plist.xml; path = Info.plist; sourceTree = "<group>"; };
		C99FFCC81C4E40BC00C4F8A6 /* CoreDataSample 2.xcdatamodel */ = {isa = PBXFileReference; lastKnownFileType = wrapper.xcdatamodel; path = "CoreDataSample 2.xcdatamodel"; sourceTree = "<group>"; };
		C99FFD301C4E6D8600C4F8A6 /* Note+CoreDataProperties.h */ = {isa = PBXFileReference; fileEncoding = 4; lastKnownFileType = sourcecode.c.h; path = "Note+CoreDataProperties.h"; sourceTree = "<group>"; };
		C99FFD311C4E6D8600C4F8A6 /* Note+CoreDataProperties.m */ = {isa = PBXFileReference; fileEncoding = 4; lastKnownFileType = sourcecode.c.objc; path = "Note+CoreDataProperties.m"; sourceTree = "<group>"; };
		C99FFD321C4E6D8600C4F8A6 /* Note.h */ = {isa = PBXFileReference; fileEncoding = 4; lastKnownFileType = sourcecode.c.h; path = Note.h; sourceTree = "<group>"; };
		C99FFD331C4E6D8600C4F8A6 /* Note.m */ = {isa = PBXFileReference; fileEncoding = 4; lastKnownFileType = sourcecode.c.objc; path = Note.m; sourceTree = "<group>"; };
		C99FFD341C4E6D8600C4F8A6 /* Folder+CoreDataProperties.h */ = {isa = PBXFileReference; fileEncoding = 4; lastKnownFileType = sourcecode.c.h; path = "Folder+CoreDataProperties.h"; sourceTree = "<group>"; };
		C99FFD351C4E6D8600C4F8A6 /* Folder+CoreDataProperties.m */ = {isa = PBXFileReference; fileEncoding = 4; lastKnownFileType = sourcecode.c.objc; path = "Folder+CoreDataProperties.m"; sourceTree = "<group>"; };
		C99FFD361C4E6D8600C4F8A6 /* Folder.h */ = {isa = PBXFileReference; fileEncoding = 4; lastKnownFileType = sourcecode.c.h; path = Folder.h; sourceTree = "<group>"; };
		C99FFD371C4E6D8600C4F8A6 /* Folder.m */ = {isa = PBXFileReference; fileEncoding = 4; lastKnownFileType = sourcecode.c.objc; path = Folder.m; sourceTree = "<group>"; };
/* End PBXFileReference section */

/* Begin PBXFrameworksBuildPhase section */
		C99FFCA81C4E3F1800C4F8A6 /* Frameworks */ = {
			isa = PBXFrameworksBuildPhase;
			buildActionMask = 2147483647;
			files = (
			);
			runOnlyForDeploymentPostprocessing = 0;
		};
/* End PBXFrameworksBuildPhase section */

/* Begin PBXGroup section */
		ABA96019A52F09F35E4FB8FD /* FolderViewController */ = {
			isa = PBXGroup;
			children = (
				ABA96934F7E3B536E458D9E8 /* FolderViewController.h */,
				ABA96714E95437D3806E7B17 /* FolderViewController.m */,
			);
			path = FolderViewController;
			sourceTree = "<group>";
		};
		ABA96725D9AF230B9A774D40 /* Controllers */ = {
			isa = PBXGroup;
			children = (
				ABA96BBB781A191E554DF3BC /* NoteViewController */,
				ABA96019A52F09F35E4FB8FD /* FolderViewController */,
			);
			path = Controllers;
			sourceTree = "<group>";
		};
		ABA9697553A57D14D85F2B77 /* Managers */ = {
			isa = PBXGroup;
			children = (
				ABA967E42E96178BD64E5402 /* CoreDataManager.m */,
				ABA96C4FB82524114201F17A /* CoreDataManager.h */,
			);
			path = Managers;
			sourceTree = "<group>";
		};
		ABA96BBB781A191E554DF3BC /* NoteViewController */ = {
			isa = PBXGroup;
			children = (
				ABA96F10017A82D7618099D0 /* NoteViewController.h */,
				ABA965F6A0AA0243738D8F0D /* NoteViewController.m */,
			);
			path = NoteViewController;
			sourceTree = "<group>";
		};
		ABA96E4C6B7694A9BC24AB4D /* Model */ = {
			isa = PBXGroup;
			children = (
				C99FFD301C4E6D8600C4F8A6 /* Note+CoreDataProperties.h */,
				C99FFD311C4E6D8600C4F8A6 /* Note+CoreDataProperties.m */,
				C99FFD321C4E6D8600C4F8A6 /* Note.h */,
				C99FFD331C4E6D8600C4F8A6 /* Note.m */,
				C99FFD341C4E6D8600C4F8A6 /* Folder+CoreDataProperties.h */,
				C99FFD351C4E6D8600C4F8A6 /* Folder+CoreDataProperties.m */,
				C99FFD361C4E6D8600C4F8A6 /* Folder.h */,
				C99FFD371C4E6D8600C4F8A6 /* Folder.m */,
			);
			path = Model;
			sourceTree = "<group>";
		};
		C99FFCA21C4E3F1700C4F8A6 = {
			isa = PBXGroup;
			children = (
				C99FFCAD1C4E3F1800C4F8A6 /* CoreDataSample */,
				C99FFCAC1C4E3F1800C4F8A6 /* Products */,
			);
			sourceTree = "<group>";
		};
		C99FFCAC1C4E3F1800C4F8A6 /* Products */ = {
			isa = PBXGroup;
			children = (
				C99FFCAB1C4E3F1800C4F8A6 /* CoreDataSample.app */,
			);
			name = Products;
			sourceTree = "<group>";
		};
		C99FFCAD1C4E3F1800C4F8A6 /* CoreDataSample */ = {
			isa = PBXGroup;
			children = (
				ABA96725D9AF230B9A774D40 /* Controllers */,
				ABA9697553A57D14D85F2B77 /* Managers */,
				C99FFCB11C4E3F1800C4F8A6 /* AppDelegate.h */,
				C99FFCB21C4E3F1800C4F8A6 /* AppDelegate.m */,
				C99FFCB71C4E3F1800C4F8A6 /* Main.storyboard */,
				C99FFCBD1C4E3F1800C4F8A6 /* Assets.xcassets */,
				C99FFCBF1C4E3F1800C4F8A6 /* LaunchScreen.storyboard */,
				C99FFCC21C4E3F1800C4F8A6 /* Info.plist */,
				C99FFCBA1C4E3F1800C4F8A6 /* CoreDataSample.xcdatamodeld */,
				C99FFCAE1C4E3F1800C4F8A6 /* Supporting Files */,
				ABA96E4C6B7694A9BC24AB4D /* Model */,
			);
			path = CoreDataSample;
			sourceTree = "<group>";
		};
		C99FFCAE1C4E3F1800C4F8A6 /* Supporting Files */ = {
			isa = PBXGroup;
			children = (
				C99FFCAF1C4E3F1800C4F8A6 /* main.m */,
			);
			name = "Supporting Files";
			sourceTree = "<group>";
		};
/* End PBXGroup section */

/* Begin PBXNativeTarget section */
		C99FFCAA1C4E3F1800C4F8A6 /* CoreDataSample */ = {
			isa = PBXNativeTarget;
			buildConfigurationList = C99FFCC51C4E3F1800C4F8A6 /* Build configuration list for PBXNativeTarget "CoreDataSample" */;
			buildPhases = (
				C99FFCA71C4E3F1800C4F8A6 /* Sources */,
				C99FFCA81C4E3F1800C4F8A6 /* Frameworks */,
				C99FFCA91C4E3F1800C4F8A6 /* Resources */,
			);
			buildRules = (
			);
			dependencies = (
			);
			name = CoreDataSample;
			productName = CoreDataSample;
			productReference = C99FFCAB1C4E3F1800C4F8A6 /* CoreDataSample.app */;
			productType = "com.apple.product-type.application";
		};
/* End PBXNativeTarget section */

/* Begin PBXProject section */
		C99FFCA31C4E3F1700C4F8A6 /* Project object */ = {
			isa = PBXProject;
			attributes = {
				LastUpgradeCheck = 0720;
				ORGANIZATIONNAME = "Alina Hambaryan";
				TargetAttributes = {
					C99FFCAA1C4E3F1800C4F8A6 = {
						CreatedOnToolsVersion = 7.2;
					};
				};
			};
			buildConfigurationList = C99FFCA61C4E3F1700C4F8A6 /* Build configuration list for PBXProject "CoreDataSample" */;
			compatibilityVersion = "Xcode 3.2";
			developmentRegion = English;
			hasScannedForEncodings = 0;
			knownRegions = (
				en,
				Base,
			);
			mainGroup = C99FFCA21C4E3F1700C4F8A6;
			productRefGroup = C99FFCAC1C4E3F1800C4F8A6 /* Products */;
			projectDirPath = "";
			projectRoot = "";
			targets = (
				C99FFCAA1C4E3F1800C4F8A6 /* CoreDataSample */,
			);
		};
/* End PBXProject section */

/* Begin PBXResourcesBuildPhase section */
		C99FFCA91C4E3F1800C4F8A6 /* Resources */ = {
			isa = PBXResourcesBuildPhase;
			buildActionMask = 2147483647;
			files = (
				C99FFCC11C4E3F1800C4F8A6 /* LaunchScreen.storyboard in Resources */,
				C99FFCBE1C4E3F1800C4F8A6 /* Assets.xcassets in Resources */,
				C99FFCB91C4E3F1800C4F8A6 /* Main.storyboard in Resources */,
			);
			runOnlyForDeploymentPostprocessing = 0;
		};
/* End PBXResourcesBuildPhase section */

/* Begin PBXSourcesBuildPhase section */
		C99FFCA71C4E3F1800C4F8A6 /* Sources */ = {
			isa = PBXSourcesBuildPhase;
			buildActionMask = 2147483647;
			files = (
				C99FFCBC1C4E3F1800C4F8A6 /* CoreDataSample.xcdatamodeld in Sources */,
				C99FFCB31C4E3F1800C4F8A6 /* AppDelegate.m in Sources */,
				C99FFCB01C4E3F1800C4F8A6 /* main.m in Sources */,
				ABA962A321DA892B4B146DBC /* CoreDataManager.m in Sources */,
				C99FFD3A1C4E6D8600C4F8A6 /* Folder+CoreDataProperties.m in Sources */,
				C99FFD391C4E6D8600C4F8A6 /* Note.m in Sources */,
				C99FFD3B1C4E6D8600C4F8A6 /* Folder.m in Sources */,
				C99FFD381C4E6D8600C4F8A6 /* Note+CoreDataProperties.m in Sources */,
				ABA96B807A840D810AA349C8 /* NoteViewController.m in Sources */,
				ABA96361C0820958FBD75200 /* FolderViewController.m in Sources */,
			);
			runOnlyForDeploymentPostprocessing = 0;
		};
/* End PBXSourcesBuildPhase section */

/* Begin PBXVariantGroup section */
		C99FFCB71C4E3F1800C4F8A6 /* Main.storyboard */ = {
			isa = PBXVariantGroup;
			children = (
				C99FFCB81C4E3F1800C4F8A6 /* Base */,
			);
			name = Main.storyboard;
			sourceTree = "<group>";
		};
		C99FFCBF1C4E3F1800C4F8A6 /* LaunchScreen.storyboard */ = {
			isa = PBXVariantGroup;
			children = (
				C99FFCC01C4E3F1800C4F8A6 /* Base */,
			);
			name = LaunchScreen.storyboard;
			sourceTree = "<group>";
		};
/* End PBXVariantGroup section */

/* Begin XCBuildConfiguration section */
		C99FFCC31C4E3F1800C4F8A6 /* Debug */ = {
			isa = XCBuildConfiguration;
			buildSettings = {
				ALWAYS_SEARCH_USER_PATHS = NO;
				CLANG_CXX_LANGUAGE_STANDARD = "gnu++0x";
				CLANG_CXX_LIBRARY = "libc++";
				CLANG_ENABLE_MODULES = YES;
				CLANG_ENABLE_OBJC_ARC = YES;
				CLANG_WARN_BOOL_CONVERSION = YES;
				CLANG_WARN_CONSTANT_CONVERSION = YES;
				CLANG_WARN_DIRECT_OBJC_ISA_USAGE = YES_ERROR;
				CLANG_WARN_EMPTY_BODY = YES;
				CLANG_WARN_ENUM_CONVERSION = YES;
				CLANG_WARN_INT_CONVERSION = YES;
				CLANG_WARN_OBJC_ROOT_CLASS = YES_ERROR;
				CLANG_WARN_UNREACHABLE_CODE = YES;
				CLANG_WARN__DUPLICATE_METHOD_MATCH = YES;
				"CODE_SIGN_IDENTITY[sdk=iphoneos*]" = "iPhone Developer";
				COPY_PHASE_STRIP = NO;
				DEBUG_INFORMATION_FORMAT = dwarf;
				ENABLE_STRICT_OBJC_MSGSEND = YES;
				ENABLE_TESTABILITY = YES;
				GCC_C_LANGUAGE_STANDARD = gnu99;
				GCC_DYNAMIC_NO_PIC = NO;
				GCC_NO_COMMON_BLOCKS = YES;
				GCC_OPTIMIZATION_LEVEL = 0;
				GCC_PREPROCESSOR_DEFINITIONS = (
					"DEBUG=1",
					"$(inherited)",
				);
				GCC_WARN_64_TO_32_BIT_CONVERSION = YES;
				GCC_WARN_ABOUT_RETURN_TYPE = YES_ERROR;
				GCC_WARN_UNDECLARED_SELECTOR = YES;
				GCC_WARN_UNINITIALIZED_AUTOS = YES_AGGRESSIVE;
				GCC_WARN_UNUSED_FUNCTION = YES;
				GCC_WARN_UNUSED_VARIABLE = YES;
				IPHONEOS_DEPLOYMENT_TARGET = 9.2;
				MTL_ENABLE_DEBUG_INFO = YES;
				ONLY_ACTIVE_ARCH = YES;
				SDKROOT = iphoneos;
			};
			name = Debug;
		};
		C99FFCC41C4E3F1800C4F8A6 /* Release */ = {
			isa = XCBuildConfiguration;
			buildSettings = {
				ALWAYS_SEARCH_USER_PATHS = NO;
				CLANG_CXX_LANGUAGE_STANDARD = "gnu++0x";
				CLANG_CXX_LIBRARY = "libc++";
				CLANG_ENABLE_MODULES = YES;
				CLANG_ENABLE_OBJC_ARC = YES;
				CLANG_WARN_BOOL_CONVERSION = YES;
				CLANG_WARN_CONSTANT_CONVERSION = YES;
				CLANG_WARN_DIRECT_OBJC_ISA_USAGE = YES_ERROR;
				CLANG_WARN_EMPTY_BODY = YES;
				CLANG_WARN_ENUM_CONVERSION = YES;
				CLANG_WARN_INT_CONVERSION = YES;
				CLANG_WARN_OBJC_ROOT_CLASS = YES_ERROR;
				CLANG_WARN_UNREACHABLE_CODE = YES;
				CLANG_WARN__DUPLICATE_METHOD_MATCH = YES;
				"CODE_SIGN_IDENTITY[sdk=iphoneos*]" = "iPhone Developer";
				COPY_PHASE_STRIP = NO;
				DEBUG_INFORMATION_FORMAT = "dwarf-with-dsym";
				ENABLE_NS_ASSERTIONS = NO;
				ENABLE_STRICT_OBJC_MSGSEND = YES;
				GCC_C_LANGUAGE_STANDARD = gnu99;
				GCC_NO_COMMON_BLOCKS = YES;
				GCC_WARN_64_TO_32_BIT_CONVERSION = YES;
				GCC_WARN_ABOUT_RETURN_TYPE = YES_ERROR;
				GCC_WARN_UNDECLARED_SELECTOR = YES;
				GCC_WARN_UNINITIALIZED_AUTOS = YES_AGGRESSIVE;
				GCC_WARN_UNUSED_FUNCTION = YES;
				GCC_WARN_UNUSED_VARIABLE = YES;
				IPHONEOS_DEPLOYMENT_TARGET = 9.2;
				MTL_ENABLE_DEBUG_INFO = NO;
				SDKROOT = iphoneos;
				VALIDATE_PRODUCT = YES;
			};
			name = Release;
		};
		C99FFCC61C4E3F1800C4F8A6 /* Debug */ = {
			isa = XCBuildConfiguration;
			buildSettings = {
				ASSETCATALOG_COMPILER_APPICON_NAME = AppIcon;
				INFOPLIST_FILE = CoreDataSample/Info.plist;
				LD_RUNPATH_SEARCH_PATHS = "$(inherited) @executable_path/Frameworks";
				PRODUCT_BUNDLE_IDENTIFIER = EGS.CoreDataSample;
				PRODUCT_NAME = "$(TARGET_NAME)";
			};
			name = Debug;
		};
		C99FFCC71C4E3F1800C4F8A6 /* Release */ = {
			isa = XCBuildConfiguration;
			buildSettings = {
				ASSETCATALOG_COMPILER_APPICON_NAME = AppIcon;
				INFOPLIST_FILE = CoreDataSample/Info.plist;
				LD_RUNPATH_SEARCH_PATHS = "$(inherited) @executable_path/Frameworks";
				PRODUCT_BUNDLE_IDENTIFIER = EGS.CoreDataSample;
				PRODUCT_NAME = "$(TARGET_NAME)";
			};
			name = Release;
		};
/* End XCBuildConfiguration section */

/* Begin XCConfigurationList section */
		C99FFCA61C4E3F1700C4F8A6 /* Build configuration list for PBXProject "CoreDataSample" */ = {
			isa = XCConfigurationList;
			buildConfigurations = (
				C99FFCC31C4E3F1800C4F8A6 /* Debug */,
				C99FFCC41C4E3F1800C4F8A6 /* Release */,
			);
			defaultConfigurationIsVisible = 0;
			defaultConfigurationName = Release;
		};
		C99FFCC51C4E3F1800C4F8A6 /* Build configuration list for PBXNativeTarget "CoreDataSample" */ = {
			isa = XCConfigurationList;
			buildConfigurations = (
				C99FFCC61C4E3F1800C4F8A6 /* Debug */,
				C99FFCC71C4E3F1800C4F8A6 /* Release */,
			);
			defaultConfigurationIsVisible = 0;
			defaultConfigurationName = Release;
		};
/* End XCConfigurationList section */

/* Begin XCVersionGroup section */
		C99FFCBA1C4E3F1800C4F8A6 /* CoreDataSample.xcdatamodeld */ = {
			isa = XCVersionGroup;
			children = (
				C99FFCC81C4E40BC00C4F8A6 /* CoreDataSample 2.xcdatamodel */,
				C99FFCBB1C4E3F1800C4F8A6 /* CoreDataSample.xcdatamodel */,
			);
			currentVersion = C99FFCBB1C4E3F1800C4F8A6 /* CoreDataSample.xcdatamodel */;
			path = CoreDataSample.xcdatamodeld;
			sourceTree = "<group>";
			versionGroupType = wrapper.xcdatamodel;
		};
/* End XCVersionGroup section */
	};
	rootObject = C99FFCA31C4E3F1700C4F8A6 /* Project object */;
}
